
Microsoft Visual Studio Solution File, Format Version 12.00
# Visual Studio Version 17
VisualStudioVersion = 17.13.35828.75 d17.13
MinimumVisualStudioVersion = 10.0.40219.1
Project("{FAE04EC0-301F-11D3-BF4B-00C04F79EFBC}") = "StealAllTheCats", "StealAllTheCats\StealAllTheCats.csproj", "{EC1981CB-5DBC-42FF-AAAF-A1345C2D7999}"
EndProject
Global
	GlobalSection(SolutionConfigurationPlatforms) = preSolution
		Debug|Any CPU = Debug|Any CPU
		Release|Any CPU = Release|Any CPU
	EndGlobalSection
	GlobalSection(ProjectConfigurationPlatforms) = postSolution
		{EC1981CB-5DBC-42FF-AAAF-A1345C2D7999}.Debug|Any CPU.ActiveCfg = Debug|Any CPU
		{EC1981CB-5DBC-42FF-AAAF-A1345C2D7999}.Debug|Any CPU.Build.0 = Debug|Any CPU
		{EC1981CB-5DBC-42FF-AAAF-A1345C2D7999}.Release|Any CPU.ActiveCfg = Release|Any CPU
		{EC1981CB-5DBC-42FF-AAAF-A1345C2D7999}.Release|Any CPU.Build.0 = Release|Any CPU
	EndGlobalSection
	GlobalSection(SolutionProperties) = preSolution
		HideSolutionNode = FALSE
	EndGlobalSection
	GlobalSection(ExtensibilityGlobals) = postSolution
		SolutionGuid = {53C597A7-FADB-41B9-ACE3-E32A499F9B64}
	EndGlobalSection
EndGlobal
